
Microsoft Visual Studio Solution File, Format Version 12.00
# Visual Studio 15
VisualStudioVersion = 15.0.28307.757
MinimumVisualStudioVersion = 10.0.40219.1
Project("{FAE04EC0-301F-11D3-BF4B-00C04F79EFBC}") = "WpfCookbook", "WpfCookbook\WpfCookbook.csproj", "{86DD9D28-EB1A-4C8C-B444-2221E1DC834F}"
EndProject
Project("{FAE04EC0-301F-11D3-BF4B-00C04F79EFBC}") = "ChO1.CustomTypes", "ChO1.CustomTypes\ChO1.CustomTypes.csproj", "{B216F87D-3C3B-4424-A424-B5E8F87532B1}"
EndProject
Project("{FAE04EC0-301F-11D3-BF4B-00C04F79EFBC}") = "Ch01.DependencyProperties", "Ch01.DependencyProperties\Ch01.DependencyProperties.csproj", "{CB3A148B-3A15-47AF-A6BD-CF4EC181F4FD}"
EndProject
Project("{FAE04EC0-301F-11D3-BF4B-00C04F79EFBC}") = "Ch01.SimpleAttached", "Ch01.SimpleAttached\Ch01.SimpleAttached.csproj", "{EF792EE9-EDEF-4EAC-B563-64E438186310}"
EndProject
Project("{FAE04EC0-301F-11D3-BF4B-00C04F79EFBC}") = "Ch01.CustomAttached", "Ch01.CustomAttached\Ch01.CustomAttached.csproj", "{B296A003-9CC6-41A0-89ED-9E03FDAF364B}"
EndProject
Project("{FAE04EC0-301F-11D3-BF4B-00C04F79EFBC}") = "Ch01.StaticProperties", "Ch01.StaticProperties\Ch01.StaticProperties.csproj", "{B084253D-A26C-429E-8E48-FC8B971349E0}"
EndProject
Project("{FAE04EC0-301F-11D3-BF4B-00C04F79EFBC}") = "Ch01.CustomMarkupExtension", "Ch01.CustomMarkupExtension\Ch01.CustomMarkupExtension.csproj", "{423E116D-72B6-4D3D-B30D-10CA03B69495}"
EndProject
Project("{FAE04EC0-301F-11D3-BF4B-00C04F79EFBC}") = "Ch01.TestRandom", "Ch01.TestRandom\Ch01.TestRandom.csproj", "{F7A96155-6AA6-4E94-B176-A46A15BBC136}"
EndProject
Project("{FAE04EC0-301F-11D3-BF4B-00C04F79EFBC}") = "Ch01.SimpleDraw", "Ch01.SimpleDraw\Ch01.SimpleDraw.csproj", "{51DA19FE-28A2-468E-AC9E-C07763D00838}"
EndProject
Project("{FAE04EC0-301F-11D3-BF4B-00C04F79EFBC}") = "MSTutorial", "MSTutorial\MSTutorial.csproj", "{1FF1330F-8BF2-48FA-A570-9C18A2A481E3}"
EndProject
Project("{FAE04EC0-301F-11D3-BF4B-00C04F79EFBC}") = "Ch02.SimpleResources", "Ch02.SimpleResources\Ch02.SimpleResources.csproj", "{0AF81D5E-34C5-43B1-B5FD-CDC567A12216}"
EndProject
Project("{FAE04EC0-301F-11D3-BF4B-00C04F79EFBC}") = "Ch02.DynamicVsStatic", "Ch02.DynamicVsStatic\Ch02.DynamicVsStatic.csproj", "{D447B969-BB2F-4D5F-B1BB-3B3DBD12CCE5}"
EndProject
Project("{FAE04EC0-301F-11D3-BF4B-00C04F79EFBC}") = "Ch02.UserSelectedColorsFonts", "Ch02.UserSelectedColorsFonts\Ch02.UserSelectedColorsFonts.csproj", "{06E7C931-CA80-40E5-A3FF-8E398EAC72E8}"
EndProject
Project("{FAE04EC0-301F-11D3-BF4B-00C04F79EFBC}") = "Ch02.BinaryResources", "Ch02.BinaryResources\Ch02.BinaryResources.csproj", "{14F9C475-C336-4A36-8BB2-7D18BB0F891D}"
EndProject
Project("{FAE04EC0-301F-11D3-BF4B-00C04F79EFBC}") = "Ch02.BinaryResourcesInCode", "Ch02.BinaryResourcesInCode\Ch02.BinaryResourcesInCode.csproj", "{93E5378B-2920-467E-A40C-71C0E6DED631}"
EndProject
Project("{FAE04EC0-301F-11D3-BF4B-00C04F79EFBC}") = "ClassLibraryResources", "ClassLibraryResources\ClassLibraryResources.csproj", "{1846BECA-7D33-46D5-A20B-8190072FC730}"
EndProject
Project("{FAE04EC0-301F-11D3-BF4B-00C04F79EFBC}") = "UsingLibraryResources", "UsingLibraryResources\UsingLibraryResources.csproj", "{44604E4D-8C50-4515-BFC0-5DF50142FE57}"
EndProject
Project("{FAE04EC0-301F-11D3-BF4B-00C04F79EFBC}") = "ManagingResources", "ManagingResources\ManagingResources.csproj", "{8A4C8292-A452-4EB8-A42F-5686263EB770}"
EndProject
Project("{FAE04EC0-301F-11D3-BF4B-00C04F79EFBC}") = "Ch03GridDemo", "Ch03GridDemo\Ch03GridDemo.csproj", "{5A5F86BD-6859-4B69-A685-B84DE51ED150}"
EndProject
Project("{FAE04EC0-301F-11D3-BF4B-00C04F79EFBC}") = "Ch03.DynamicGridSizing", "Ch03.DynamicGridSizing\Ch03.DynamicGridSizing.csproj", "{5EDC39DD-09B4-42C9-85D3-C6D85A01E367}"
EndProject
Project("{FAE04EC0-301F-11D3-BF4B-00C04F79EFBC}") = "Ch03.ScrollDemo", "Ch03.ScrollDemo\Ch03.ScrollDemo.csproj", "{D8CC7D22-6AAC-4CCB-A6B0-56F630AE4A11}"
EndProject
Project("{FAE04EC0-301F-11D3-BF4B-00C04F79EFBC}") = "Ch03.BorderDemo", "Ch03.BorderDemo\Ch03.BorderDemo.csproj", "{721D7555-E604-42D0-A7CF-1A7DEB8AC104}"
EndProject
Project("{FAE04EC0-301F-11D3-BF4B-00C04F79EFBC}") = "Ch03.CanvasDemo", "Ch03.CanvasDemo\Ch03.CanvasDemo.csproj", "{A121EDE9-0AF5-4384-B197-CBEFBDAD0055}"
EndProject
Project("{FAE04EC0-301F-11D3-BF4B-00C04F79EFBC}") = "Ch03.PaintingCircles", "Ch03.PaintingCircles\Ch03.PaintingCircles.csproj", "{CB483F29-EE1B-4490-8AD7-EE8288BE9ABE}"
EndProject
Project("{FAE04EC0-301F-11D3-BF4B-00C04F79EFBC}") = "Ch03.SimpleTabs", "Ch03.SimpleTabs\Ch03.SimpleTabs.csproj", "{0B8E4FD8-1339-4F92-B200-3E7B05717EB8}"
EndProject
Project("{FAE04EC0-301F-11D3-BF4B-00C04F79EFBC}") = "Ch03.SimpleDragDrop", "Ch03.SimpleDragDrop\Ch03.SimpleDragDrop.csproj", "{ABEB263D-A8FD-48E2-8CA3-D1304B7BD542}"
EndProject
Project("{FAE04EC0-301F-11D3-BF4B-00C04F79EFBC}") = "Ch04.TextControls", "Ch04.TextControls\Ch04.TextControls.csproj", "{CEBFDF81-7F6E-407B-9A31-DEDAB6A1111D}"
EndProject
Project("{FAE04EC0-301F-11D3-BF4B-00C04F79EFBC}") = "Ch04.ContentControls", "Ch04.ContentControls\Ch04.ContentControls.csproj", "{4F0FC04B-ECCD-448D-AE0A-2E6111986C3D}"
EndProject
Project("{FAE04EC0-301F-11D3-BF4B-00C04F79EFBC}") = "Ch04.Images", "Ch04.Images\Ch04.Images.csproj", "{6102593C-8EAD-4F9F-909A-947274607761}"
EndProject
Project("{FAE04EC0-301F-11D3-BF4B-00C04F79EFBC}") = "Ch04.ToolTips", "Ch04.ToolTips\Ch04.ToolTips.csproj", "{4AF49BB5-76EA-4860-8F7C-0A1DB82A68C0}"
EndProject
Project("{FAE04EC0-301F-11D3-BF4B-00C04F79EFBC}") = "Ch04.Lists", "Ch04.Lists\Ch04.Lists.csproj", "{D2F8967A-D015-45B1-B296-190458A3BCAA}"
EndProject
Project("{FAE04EC0-301F-11D3-BF4B-00C04F79EFBC}") = "Ch04.Menus", "Ch04.Menus\Ch04.Menus.csproj", "{DCBF971E-7993-4293-8A21-73C9F2847F6E}"
EndProject
Project("{FAE04EC0-301F-11D3-BF4B-00C04F79EFBC}") = "Ch04.SelectingOptions", "Ch04.SelectingOptions\Ch04.SelectingOptions.csproj", "{EF385D7F-B0DA-4964-84BA-26D106ADCE79}"
EndProject
Project("{FAE04EC0-301F-11D3-BF4B-00C04F79EFBC}") = "Ch04.TabAndFocus", "Ch04.TabAndFocus\Ch04.TabAndFocus.csproj", "{66F281EB-397D-49EE-810B-2E24B8081E22}"
EndProject
Project("{FAE04EC0-301F-11D3-BF4B-00C04F79EFBC}") = "Ch05.NewWindows", "Ch05.NewWindows\Ch05.NewWindows.csproj", "{FD33094A-4146-4515-A065-CCAF44DD0DC3}"
EndProject
Project("{FAE04EC0-301F-11D3-BF4B-00C04F79EFBC}") = "Ch05.Dialogs", "Ch05.Dialogs\Ch05.Dialogs.csproj", "{B05788DC-D300-460D-AFC9-6DE592540B1C}"
EndProject
Project("{FAE04EC0-301F-11D3-BF4B-00C04F79EFBC}") = "Ch05.CommonDialogs", "Ch05.CommonDialogs\Ch05.CommonDialogs.csproj", "{D028971C-C162-4BD5-A994-FF59F895CCB6}"
EndProject
Project("{FAE04EC0-301F-11D3-BF4B-00C04F79EFBC}") = "Ch05.OwnerWindows", "Ch05.OwnerWindows\Ch05.OwnerWindows.csproj", "{8C42E9B7-CD3C-4623-A15D-458DCCDC505D}"
EndProject
Project("{FAE04EC0-301F-11D3-BF4B-00C04F79EFBC}") = "Ch05.CustomShapeWindow", "Ch05.CustomShapeWindow\Ch05.CustomShapeWindow.csproj", "{321D3B45-9F41-45D4-A782-136350B2164C}"
EndProject
Project("{FAE04EC0-301F-11D3-BF4B-00C04F79EFBC}") = "Ch05.SingleInstApp", "Ch05.SingleInstApp\Ch05.SingleInstApp.csproj", "{99F50293-1D42-4D43-84A1-5BBFED801390}"
EndProject
Project("{FAE04EC0-301F-11D3-BF4B-00C04F79EFBC}") = "Ch05.UnhandledException", "Ch05.UnhandledException\Ch05.UnhandledException.csproj", "{0CBBD04D-E32C-4B8E-BA01-9B9435D43F36}"
EndProject
Project("{FAE04EC0-301F-11D3-BF4B-00C04F79EFBC}") = "Ch06.ElementToElementBindings", "Ch06.ElementToElementBindings\Ch06.ElementToElementBindings.csproj", "{1476FC9D-0A40-414D-BD5A-E3113439000C}"
EndProject
Project("{FAE04EC0-301F-11D3-BF4B-00C04F79EFBC}") = "Ch06.SingleObjectBinding", "Ch06.SingleObjectBinding\Ch06.SingleObjectBinding.csproj", "{3ACB4164-CF9C-47F9-80F4-B71A6FD89AE1}"
EndProject
Project("{FAE04EC0-301F-11D3-BF4B-00C04F79EFBC}") = "Ch06.BindingToCollection", "Ch06.BindingToCollection\Ch06.BindingToCollection.csproj", "{F7066066-6A50-4C47-89CC-C19B804B1510}"
EndProject
Project("{FAE04EC0-301F-11D3-BF4B-00C04F79EFBC}") = "Ch06.DataTemplates", "Ch06.DataTemplates\Ch06.DataTemplates.csproj", "{CC1B1CBD-5F2E-4DF7-8EA4-754C5C88868A}"
EndProject
Project("{FAE04EC0-301F-11D3-BF4B-00C04F79EFBC}") = "Ch06.WeatherForecast", "Ch06.WeatherForecast\Ch06.WeatherForecast.csproj", "{474D04D2-880B-42A6-94BA-EC7D8AF8895C}"
EndProject
Project("{FAE04EC0-301F-11D3-BF4B-00C04F79EFBC}") = "Ch06.MasterDetail", "Ch06.MasterDetail\Ch06.MasterDetail.csproj", "{43A7D236-B623-4BF4-A165-16A9C4BD7596}"
EndProject
Project("{FAE04EC0-301F-11D3-BF4B-00C04F79EFBC}") = "Ch06.SortingAndFiltering", "Ch06.SortingAndFiltering\Ch06.SortingAndFiltering.csproj", "{AFEC270B-AD77-4816-BC8E-99636FABD75E}"
EndProject
Project("{FAE04EC0-301F-11D3-BF4B-00C04F79EFBC}") = "Ch06.GroupingData", "Ch06.GroupingData\Ch06.GroupingData.csproj", "{9261EBA9-F5B8-476C-8A98-8E2133FCE532}"
EndProject
Project("{FAE04EC0-301F-11D3-BF4B-00C04F79EFBC}") = "Ch06.MultiBindings", "Ch06.MultiBindings\Ch06.MultiBindings.csproj", "{96EC1E85-7C5E-4A83-AC03-A5CDF1240506}"
EndProject
Project("{FAE04EC0-301F-11D3-BF4B-00C04F79EFBC}") = "Ch06.TreeViewBinding", "Ch06.TreeViewBinding\Ch06.TreeViewBinding.csproj", "{1A59F3E3-6CB2-4192-8FF7-EBA1C528EE8F}"
EndProject
Project("{FAE04EC0-301F-11D3-BF4B-00C04F79EFBC}") = "Ch06.DataGridDemo", "Ch06.DataGridDemo\Ch06.DataGridDemo.csproj", "{CDCAA70B-D24D-445B-A734-10A2B858B211}"
EndProject
Project("{FAE04EC0-301F-11D3-BF4B-00C04F79EFBC}") = "Ch06.ValidatingData", "Ch06.ValidatingData\Ch06.ValidatingData.csproj", "{C8A406D6-6015-443F-A3E5-4645C9101DEE}"
EndProject
Global
	GlobalSection(SolutionConfigurationPlatforms) = preSolution
		Debug|Any CPU = Debug|Any CPU
		Release|Any CPU = Release|Any CPU
	EndGlobalSection
	GlobalSection(ProjectConfigurationPlatforms) = postSolution
		{86DD9D28-EB1A-4C8C-B444-2221E1DC834F}.Debug|Any CPU.ActiveCfg = Debug|Any CPU
		{86DD9D28-EB1A-4C8C-B444-2221E1DC834F}.Debug|Any CPU.Build.0 = Debug|Any CPU
		{86DD9D28-EB1A-4C8C-B444-2221E1DC834F}.Release|Any CPU.ActiveCfg = Release|Any CPU
		{86DD9D28-EB1A-4C8C-B444-2221E1DC834F}.Release|Any CPU.Build.0 = Release|Any CPU
		{B216F87D-3C3B-4424-A424-B5E8F87532B1}.Debug|Any CPU.ActiveCfg = Debug|Any CPU
		{B216F87D-3C3B-4424-A424-B5E8F87532B1}.Debug|Any CPU.Build.0 = Debug|Any CPU
		{B216F87D-3C3B-4424-A424-B5E8F87532B1}.Release|Any CPU.ActiveCfg = Release|Any CPU
		{B216F87D-3C3B-4424-A424-B5E8F87532B1}.Release|Any CPU.Build.0 = Release|Any CPU
		{CB3A148B-3A15-47AF-A6BD-CF4EC181F4FD}.Debug|Any CPU.ActiveCfg = Debug|Any CPU
		{CB3A148B-3A15-47AF-A6BD-CF4EC181F4FD}.Debug|Any CPU.Build.0 = Debug|Any CPU
		{CB3A148B-3A15-47AF-A6BD-CF4EC181F4FD}.Release|Any CPU.ActiveCfg = Release|Any CPU
		{CB3A148B-3A15-47AF-A6BD-CF4EC181F4FD}.Release|Any CPU.Build.0 = Release|Any CPU
		{EF792EE9-EDEF-4EAC-B563-64E438186310}.Debug|Any CPU.ActiveCfg = Debug|Any CPU
		{EF792EE9-EDEF-4EAC-B563-64E438186310}.Debug|Any CPU.Build.0 = Debug|Any CPU
		{EF792EE9-EDEF-4EAC-B563-64E438186310}.Release|Any CPU.ActiveCfg = Release|Any CPU
		{EF792EE9-EDEF-4EAC-B563-64E438186310}.Release|Any CPU.Build.0 = Release|Any CPU
		{B296A003-9CC6-41A0-89ED-9E03FDAF364B}.Debug|Any CPU.ActiveCfg = Debug|Any CPU
		{B296A003-9CC6-41A0-89ED-9E03FDAF364B}.Debug|Any CPU.Build.0 = Debug|Any CPU
		{B296A003-9CC6-41A0-89ED-9E03FDAF364B}.Release|Any CPU.ActiveCfg = Release|Any CPU
		{B296A003-9CC6-41A0-89ED-9E03FDAF364B}.Release|Any CPU.Build.0 = Release|Any CPU
		{B084253D-A26C-429E-8E48-FC8B971349E0}.Debug|Any CPU.ActiveCfg = Debug|Any CPU
		{B084253D-A26C-429E-8E48-FC8B971349E0}.Debug|Any CPU.Build.0 = Debug|Any CPU
		{B084253D-A26C-429E-8E48-FC8B971349E0}.Release|Any CPU.ActiveCfg = Release|Any CPU
		{B084253D-A26C-429E-8E48-FC8B971349E0}.Release|Any CPU.Build.0 = Release|Any CPU
		{423E116D-72B6-4D3D-B30D-10CA03B69495}.Debug|Any CPU.ActiveCfg = Debug|Any CPU
		{423E116D-72B6-4D3D-B30D-10CA03B69495}.Debug|Any CPU.Build.0 = Debug|Any CPU
		{423E116D-72B6-4D3D-B30D-10CA03B69495}.Release|Any CPU.ActiveCfg = Release|Any CPU
		{423E116D-72B6-4D3D-B30D-10CA03B69495}.Release|Any CPU.Build.0 = Release|Any CPU
		{F7A96155-6AA6-4E94-B176-A46A15BBC136}.Debug|Any CPU.ActiveCfg = Debug|Any CPU
		{F7A96155-6AA6-4E94-B176-A46A15BBC136}.Debug|Any CPU.Build.0 = Debug|Any CPU
		{F7A96155-6AA6-4E94-B176-A46A15BBC136}.Release|Any CPU.ActiveCfg = Release|Any CPU
		{F7A96155-6AA6-4E94-B176-A46A15BBC136}.Release|Any CPU.Build.0 = Release|Any CPU
		{51DA19FE-28A2-468E-AC9E-C07763D00838}.Debug|Any CPU.ActiveCfg = Debug|Any CPU
		{51DA19FE-28A2-468E-AC9E-C07763D00838}.Debug|Any CPU.Build.0 = Debug|Any CPU
		{51DA19FE-28A2-468E-AC9E-C07763D00838}.Release|Any CPU.ActiveCfg = Release|Any CPU
		{51DA19FE-28A2-468E-AC9E-C07763D00838}.Release|Any CPU.Build.0 = Release|Any CPU
		{1FF1330F-8BF2-48FA-A570-9C18A2A481E3}.Debug|Any CPU.ActiveCfg = Debug|Any CPU
		{1FF1330F-8BF2-48FA-A570-9C18A2A481E3}.Debug|Any CPU.Build.0 = Debug|Any CPU
		{1FF1330F-8BF2-48FA-A570-9C18A2A481E3}.Release|Any CPU.ActiveCfg = Release|Any CPU
		{1FF1330F-8BF2-48FA-A570-9C18A2A481E3}.Release|Any CPU.Build.0 = Release|Any CPU
		{0AF81D5E-34C5-43B1-B5FD-CDC567A12216}.Debug|Any CPU.ActiveCfg = Debug|Any CPU
		{0AF81D5E-34C5-43B1-B5FD-CDC567A12216}.Debug|Any CPU.Build.0 = Debug|Any CPU
		{0AF81D5E-34C5-43B1-B5FD-CDC567A12216}.Release|Any CPU.ActiveCfg = Release|Any CPU
		{0AF81D5E-34C5-43B1-B5FD-CDC567A12216}.Release|Any CPU.Build.0 = Release|Any CPU
		{D447B969-BB2F-4D5F-B1BB-3B3DBD12CCE5}.Debug|Any CPU.ActiveCfg = Debug|Any CPU
		{D447B969-BB2F-4D5F-B1BB-3B3DBD12CCE5}.Debug|Any CPU.Build.0 = Debug|Any CPU
		{D447B969-BB2F-4D5F-B1BB-3B3DBD12CCE5}.Release|Any CPU.ActiveCfg = Release|Any CPU
		{D447B969-BB2F-4D5F-B1BB-3B3DBD12CCE5}.Release|Any CPU.Build.0 = Release|Any CPU
		{06E7C931-CA80-40E5-A3FF-8E398EAC72E8}.Debug|Any CPU.ActiveCfg = Debug|Any CPU
		{06E7C931-CA80-40E5-A3FF-8E398EAC72E8}.Debug|Any CPU.Build.0 = Debug|Any CPU
		{06E7C931-CA80-40E5-A3FF-8E398EAC72E8}.Release|Any CPU.ActiveCfg = Release|Any CPU
		{06E7C931-CA80-40E5-A3FF-8E398EAC72E8}.Release|Any CPU.Build.0 = Release|Any CPU
		{14F9C475-C336-4A36-8BB2-7D18BB0F891D}.Debug|Any CPU.ActiveCfg = Debug|Any CPU
		{14F9C475-C336-4A36-8BB2-7D18BB0F891D}.Debug|Any CPU.Build.0 = Debug|Any CPU
		{14F9C475-C336-4A36-8BB2-7D18BB0F891D}.Release|Any CPU.ActiveCfg = Release|Any CPU
		{14F9C475-C336-4A36-8BB2-7D18BB0F891D}.Release|Any CPU.Build.0 = Release|Any CPU
		{93E5378B-2920-467E-A40C-71C0E6DED631}.Debug|Any CPU.ActiveCfg = Debug|Any CPU
		{93E5378B-2920-467E-A40C-71C0E6DED631}.Debug|Any CPU.Build.0 = Debug|Any CPU
		{93E5378B-2920-467E-A40C-71C0E6DED631}.Release|Any CPU.ActiveCfg = Release|Any CPU
		{93E5378B-2920-467E-A40C-71C0E6DED631}.Release|Any CPU.Build.0 = Release|Any CPU
		{1846BECA-7D33-46D5-A20B-8190072FC730}.Debug|Any CPU.ActiveCfg = Debug|Any CPU
		{1846BECA-7D33-46D5-A20B-8190072FC730}.Debug|Any CPU.Build.0 = Debug|Any CPU
		{1846BECA-7D33-46D5-A20B-8190072FC730}.Release|Any CPU.ActiveCfg = Release|Any CPU
		{1846BECA-7D33-46D5-A20B-8190072FC730}.Release|Any CPU.Build.0 = Release|Any CPU
		{44604E4D-8C50-4515-BFC0-5DF50142FE57}.Debug|Any CPU.ActiveCfg = Debug|Any CPU
		{44604E4D-8C50-4515-BFC0-5DF50142FE57}.Debug|Any CPU.Build.0 = Debug|Any CPU
		{44604E4D-8C50-4515-BFC0-5DF50142FE57}.Release|Any CPU.ActiveCfg = Release|Any CPU
		{44604E4D-8C50-4515-BFC0-5DF50142FE57}.Release|Any CPU.Build.0 = Release|Any CPU
		{8A4C8292-A452-4EB8-A42F-5686263EB770}.Debug|Any CPU.ActiveCfg = Debug|Any CPU
		{8A4C8292-A452-4EB8-A42F-5686263EB770}.Debug|Any CPU.Build.0 = Debug|Any CPU
		{8A4C8292-A452-4EB8-A42F-5686263EB770}.Release|Any CPU.ActiveCfg = Release|Any CPU
		{8A4C8292-A452-4EB8-A42F-5686263EB770}.Release|Any CPU.Build.0 = Release|Any CPU
		{5A5F86BD-6859-4B69-A685-B84DE51ED150}.Debug|Any CPU.ActiveCfg = Debug|Any CPU
		{5A5F86BD-6859-4B69-A685-B84DE51ED150}.Debug|Any CPU.Build.0 = Debug|Any CPU
		{5A5F86BD-6859-4B69-A685-B84DE51ED150}.Release|Any CPU.ActiveCfg = Release|Any CPU
		{5A5F86BD-6859-4B69-A685-B84DE51ED150}.Release|Any CPU.Build.0 = Release|Any CPU
		{5EDC39DD-09B4-42C9-85D3-C6D85A01E367}.Debug|Any CPU.ActiveCfg = Debug|Any CPU
		{5EDC39DD-09B4-42C9-85D3-C6D85A01E367}.Debug|Any CPU.Build.0 = Debug|Any CPU
		{5EDC39DD-09B4-42C9-85D3-C6D85A01E367}.Release|Any CPU.ActiveCfg = Release|Any CPU
		{5EDC39DD-09B4-42C9-85D3-C6D85A01E367}.Release|Any CPU.Build.0 = Release|Any CPU
		{D8CC7D22-6AAC-4CCB-A6B0-56F630AE4A11}.Debug|Any CPU.ActiveCfg = Debug|Any CPU
		{D8CC7D22-6AAC-4CCB-A6B0-56F630AE4A11}.Debug|Any CPU.Build.0 = Debug|Any CPU
		{D8CC7D22-6AAC-4CCB-A6B0-56F630AE4A11}.Release|Any CPU.ActiveCfg = Release|Any CPU
		{D8CC7D22-6AAC-4CCB-A6B0-56F630AE4A11}.Release|Any CPU.Build.0 = Release|Any CPU
		{721D7555-E604-42D0-A7CF-1A7DEB8AC104}.Debug|Any CPU.ActiveCfg = Debug|Any CPU
		{721D7555-E604-42D0-A7CF-1A7DEB8AC104}.Debug|Any CPU.Build.0 = Debug|Any CPU
		{721D7555-E604-42D0-A7CF-1A7DEB8AC104}.Release|Any CPU.ActiveCfg = Release|Any CPU
		{721D7555-E604-42D0-A7CF-1A7DEB8AC104}.Release|Any CPU.Build.0 = Release|Any CPU
		{A121EDE9-0AF5-4384-B197-CBEFBDAD0055}.Debug|Any CPU.ActiveCfg = Debug|Any CPU
		{A121EDE9-0AF5-4384-B197-CBEFBDAD0055}.Debug|Any CPU.Build.0 = Debug|Any CPU
		{A121EDE9-0AF5-4384-B197-CBEFBDAD0055}.Release|Any CPU.ActiveCfg = Release|Any CPU
		{A121EDE9-0AF5-4384-B197-CBEFBDAD0055}.Release|Any CPU.Build.0 = Release|Any CPU
		{CB483F29-EE1B-4490-8AD7-EE8288BE9ABE}.Debug|Any CPU.ActiveCfg = Debug|Any CPU
		{CB483F29-EE1B-4490-8AD7-EE8288BE9ABE}.Debug|Any CPU.Build.0 = Debug|Any CPU
		{CB483F29-EE1B-4490-8AD7-EE8288BE9ABE}.Release|Any CPU.ActiveCfg = Release|Any CPU
		{CB483F29-EE1B-4490-8AD7-EE8288BE9ABE}.Release|Any CPU.Build.0 = Release|Any CPU
		{0B8E4FD8-1339-4F92-B200-3E7B05717EB8}.Debug|Any CPU.ActiveCfg = Debug|Any CPU
		{0B8E4FD8-1339-4F92-B200-3E7B05717EB8}.Debug|Any CPU.Build.0 = Debug|Any CPU
		{0B8E4FD8-1339-4F92-B200-3E7B05717EB8}.Release|Any CPU.ActiveCfg = Release|Any CPU
		{0B8E4FD8-1339-4F92-B200-3E7B05717EB8}.Release|Any CPU.Build.0 = Release|Any CPU
		{ABEB263D-A8FD-48E2-8CA3-D1304B7BD542}.Debug|Any CPU.ActiveCfg = Debug|Any CPU
		{ABEB263D-A8FD-48E2-8CA3-D1304B7BD542}.Debug|Any CPU.Build.0 = Debug|Any CPU
		{ABEB263D-A8FD-48E2-8CA3-D1304B7BD542}.Release|Any CPU.ActiveCfg = Release|Any CPU
		{ABEB263D-A8FD-48E2-8CA3-D1304B7BD542}.Release|Any CPU.Build.0 = Release|Any CPU
		{CEBFDF81-7F6E-407B-9A31-DEDAB6A1111D}.Debug|Any CPU.ActiveCfg = Debug|Any CPU
		{CEBFDF81-7F6E-407B-9A31-DEDAB6A1111D}.Debug|Any CPU.Build.0 = Debug|Any CPU
		{CEBFDF81-7F6E-407B-9A31-DEDAB6A1111D}.Release|Any CPU.ActiveCfg = Release|Any CPU
		{CEBFDF81-7F6E-407B-9A31-DEDAB6A1111D}.Release|Any CPU.Build.0 = Release|Any CPU
		{4F0FC04B-ECCD-448D-AE0A-2E6111986C3D}.Debug|Any CPU.ActiveCfg = Debug|Any CPU
		{4F0FC04B-ECCD-448D-AE0A-2E6111986C3D}.Debug|Any CPU.Build.0 = Debug|Any CPU
		{4F0FC04B-ECCD-448D-AE0A-2E6111986C3D}.Release|Any CPU.ActiveCfg = Release|Any CPU
		{4F0FC04B-ECCD-448D-AE0A-2E6111986C3D}.Release|Any CPU.Build.0 = Release|Any CPU
		{6102593C-8EAD-4F9F-909A-947274607761}.Debug|Any CPU.ActiveCfg = Debug|Any CPU
		{6102593C-8EAD-4F9F-909A-947274607761}.Debug|Any CPU.Build.0 = Debug|Any CPU
		{6102593C-8EAD-4F9F-909A-947274607761}.Release|Any CPU.ActiveCfg = Release|Any CPU
		{6102593C-8EAD-4F9F-909A-947274607761}.Release|Any CPU.Build.0 = Release|Any CPU
		{4AF49BB5-76EA-4860-8F7C-0A1DB82A68C0}.Debug|Any CPU.ActiveCfg = Debug|Any CPU
		{4AF49BB5-76EA-4860-8F7C-0A1DB82A68C0}.Debug|Any CPU.Build.0 = Debug|Any CPU
		{4AF49BB5-76EA-4860-8F7C-0A1DB82A68C0}.Release|Any CPU.ActiveCfg = Release|Any CPU
		{4AF49BB5-76EA-4860-8F7C-0A1DB82A68C0}.Release|Any CPU.Build.0 = Release|Any CPU
		{D2F8967A-D015-45B1-B296-190458A3BCAA}.Debug|Any CPU.ActiveCfg = Debug|Any CPU
		{D2F8967A-D015-45B1-B296-190458A3BCAA}.Debug|Any CPU.Build.0 = Debug|Any CPU
		{D2F8967A-D015-45B1-B296-190458A3BCAA}.Release|Any CPU.ActiveCfg = Release|Any CPU
		{D2F8967A-D015-45B1-B296-190458A3BCAA}.Release|Any CPU.Build.0 = Release|Any CPU
		{DCBF971E-7993-4293-8A21-73C9F2847F6E}.Debug|Any CPU.ActiveCfg = Debug|Any CPU
		{DCBF971E-7993-4293-8A21-73C9F2847F6E}.Debug|Any CPU.Build.0 = Debug|Any CPU
		{DCBF971E-7993-4293-8A21-73C9F2847F6E}.Release|Any CPU.ActiveCfg = Release|Any CPU
		{DCBF971E-7993-4293-8A21-73C9F2847F6E}.Release|Any CPU.Build.0 = Release|Any CPU
		{EF385D7F-B0DA-4964-84BA-26D106ADCE79}.Debug|Any CPU.ActiveCfg = Debug|Any CPU
		{EF385D7F-B0DA-4964-84BA-26D106ADCE79}.Debug|Any CPU.Build.0 = Debug|Any CPU
		{EF385D7F-B0DA-4964-84BA-26D106ADCE79}.Release|Any CPU.ActiveCfg = Release|Any CPU
		{EF385D7F-B0DA-4964-84BA-26D106ADCE79}.Release|Any CPU.Build.0 = Release|Any CPU
		{66F281EB-397D-49EE-810B-2E24B8081E22}.Debug|Any CPU.ActiveCfg = Debug|Any CPU
		{66F281EB-397D-49EE-810B-2E24B8081E22}.Debug|Any CPU.Build.0 = Debug|Any CPU
		{66F281EB-397D-49EE-810B-2E24B8081E22}.Release|Any CPU.ActiveCfg = Release|Any CPU
		{66F281EB-397D-49EE-810B-2E24B8081E22}.Release|Any CPU.Build.0 = Release|Any CPU
		{FD33094A-4146-4515-A065-CCAF44DD0DC3}.Debug|Any CPU.ActiveCfg = Debug|Any CPU
		{FD33094A-4146-4515-A065-CCAF44DD0DC3}.Debug|Any CPU.Build.0 = Debug|Any CPU
		{FD33094A-4146-4515-A065-CCAF44DD0DC3}.Release|Any CPU.ActiveCfg = Release|Any CPU
		{FD33094A-4146-4515-A065-CCAF44DD0DC3}.Release|Any CPU.Build.0 = Release|Any CPU
		{B05788DC-D300-460D-AFC9-6DE592540B1C}.Debug|Any CPU.ActiveCfg = Debug|Any CPU
		{B05788DC-D300-460D-AFC9-6DE592540B1C}.Debug|Any CPU.Build.0 = Debug|Any CPU
		{B05788DC-D300-460D-AFC9-6DE592540B1C}.Release|Any CPU.ActiveCfg = Release|Any CPU
		{B05788DC-D300-460D-AFC9-6DE592540B1C}.Release|Any CPU.Build.0 = Release|Any CPU
		{D028971C-C162-4BD5-A994-FF59F895CCB6}.Debug|Any CPU.ActiveCfg = Debug|Any CPU
		{D028971C-C162-4BD5-A994-FF59F895CCB6}.Debug|Any CPU.Build.0 = Debug|Any CPU
		{D028971C-C162-4BD5-A994-FF59F895CCB6}.Release|Any CPU.ActiveCfg = Release|Any CPU
		{D028971C-C162-4BD5-A994-FF59F895CCB6}.Release|Any CPU.Build.0 = Release|Any CPU
		{8C42E9B7-CD3C-4623-A15D-458DCCDC505D}.Debug|Any CPU.ActiveCfg = Debug|Any CPU
		{8C42E9B7-CD3C-4623-A15D-458DCCDC505D}.Debug|Any CPU.Build.0 = Debug|Any CPU
		{8C42E9B7-CD3C-4623-A15D-458DCCDC505D}.Release|Any CPU.ActiveCfg = Release|Any CPU
		{8C42E9B7-CD3C-4623-A15D-458DCCDC505D}.Release|Any CPU.Build.0 = Release|Any CPU
		{321D3B45-9F41-45D4-A782-136350B2164C}.Debug|Any CPU.ActiveCfg = Debug|Any CPU
		{321D3B45-9F41-45D4-A782-136350B2164C}.Debug|Any CPU.Build.0 = Debug|Any CPU
		{321D3B45-9F41-45D4-A782-136350B2164C}.Release|Any CPU.ActiveCfg = Release|Any CPU
		{321D3B45-9F41-45D4-A782-136350B2164C}.Release|Any CPU.Build.0 = Release|Any CPU
		{99F50293-1D42-4D43-84A1-5BBFED801390}.Debug|Any CPU.ActiveCfg = Debug|Any CPU
		{99F50293-1D42-4D43-84A1-5BBFED801390}.Debug|Any CPU.Build.0 = Debug|Any CPU
		{99F50293-1D42-4D43-84A1-5BBFED801390}.Release|Any CPU.ActiveCfg = Release|Any CPU
		{99F50293-1D42-4D43-84A1-5BBFED801390}.Release|Any CPU.Build.0 = Release|Any CPU
		{0CBBD04D-E32C-4B8E-BA01-9B9435D43F36}.Debug|Any CPU.ActiveCfg = Debug|Any CPU
		{0CBBD04D-E32C-4B8E-BA01-9B9435D43F36}.Debug|Any CPU.Build.0 = Debug|Any CPU
		{0CBBD04D-E32C-4B8E-BA01-9B9435D43F36}.Release|Any CPU.ActiveCfg = Release|Any CPU
		{0CBBD04D-E32C-4B8E-BA01-9B9435D43F36}.Release|Any CPU.Build.0 = Release|Any CPU
		{1476FC9D-0A40-414D-BD5A-E3113439000C}.Debug|Any CPU.ActiveCfg = Debug|Any CPU
		{1476FC9D-0A40-414D-BD5A-E3113439000C}.Debug|Any CPU.Build.0 = Debug|Any CPU
		{1476FC9D-0A40-414D-BD5A-E3113439000C}.Release|Any CPU.ActiveCfg = Release|Any CPU
		{1476FC9D-0A40-414D-BD5A-E3113439000C}.Release|Any CPU.Build.0 = Release|Any CPU
		{3ACB4164-CF9C-47F9-80F4-B71A6FD89AE1}.Debug|Any CPU.ActiveCfg = Debug|Any CPU
		{3ACB4164-CF9C-47F9-80F4-B71A6FD89AE1}.Debug|Any CPU.Build.0 = Debug|Any CPU
		{3ACB4164-CF9C-47F9-80F4-B71A6FD89AE1}.Release|Any CPU.ActiveCfg = Release|Any CPU
		{3ACB4164-CF9C-47F9-80F4-B71A6FD89AE1}.Release|Any CPU.Build.0 = Release|Any CPU
		{F7066066-6A50-4C47-89CC-C19B804B1510}.Debug|Any CPU.ActiveCfg = Debug|Any CPU
		{F7066066-6A50-4C47-89CC-C19B804B1510}.Debug|Any CPU.Build.0 = Debug|Any CPU
		{F7066066-6A50-4C47-89CC-C19B804B1510}.Release|Any CPU.ActiveCfg = Release|Any CPU
		{F7066066-6A50-4C47-89CC-C19B804B1510}.Release|Any CPU.Build.0 = Release|Any CPU
		{CC1B1CBD-5F2E-4DF7-8EA4-754C5C88868A}.Debug|Any CPU.ActiveCfg = Debug|Any CPU
		{CC1B1CBD-5F2E-4DF7-8EA4-754C5C88868A}.Debug|Any CPU.Build.0 = Debug|Any CPU
		{CC1B1CBD-5F2E-4DF7-8EA4-754C5C88868A}.Release|Any CPU.ActiveCfg = Release|Any CPU
		{CC1B1CBD-5F2E-4DF7-8EA4-754C5C88868A}.Release|Any CPU.Build.0 = Release|Any CPU
		{474D04D2-880B-42A6-94BA-EC7D8AF8895C}.Debug|Any CPU.ActiveCfg = Debug|Any CPU
		{474D04D2-880B-42A6-94BA-EC7D8AF8895C}.Debug|Any CPU.Build.0 = Debug|Any CPU
		{474D04D2-880B-42A6-94BA-EC7D8AF8895C}.Release|Any CPU.ActiveCfg = Release|Any CPU
		{474D04D2-880B-42A6-94BA-EC7D8AF8895C}.Release|Any CPU.Build.0 = Release|Any CPU
		{43A7D236-B623-4BF4-A165-16A9C4BD7596}.Debug|Any CPU.ActiveCfg = Debug|Any CPU
		{43A7D236-B623-4BF4-A165-16A9C4BD7596}.Debug|Any CPU.Build.0 = Debug|Any CPU
		{43A7D236-B623-4BF4-A165-16A9C4BD7596}.Release|Any CPU.ActiveCfg = Release|Any CPU
		{43A7D236-B623-4BF4-A165-16A9C4BD7596}.Release|Any CPU.Build.0 = Release|Any CPU
		{AFEC270B-AD77-4816-BC8E-99636FABD75E}.Debug|Any CPU.ActiveCfg = Debug|Any CPU
		{AFEC270B-AD77-4816-BC8E-99636FABD75E}.Debug|Any CPU.Build.0 = Debug|Any CPU
		{AFEC270B-AD77-4816-BC8E-99636FABD75E}.Release|Any CPU.ActiveCfg = Release|Any CPU
		{AFEC270B-AD77-4816-BC8E-99636FABD75E}.Release|Any CPU.Build.0 = Release|Any CPU
		{9261EBA9-F5B8-476C-8A98-8E2133FCE532}.Debug|Any CPU.ActiveCfg = Debug|Any CPU
		{9261EBA9-F5B8-476C-8A98-8E2133FCE532}.Debug|Any CPU.Build.0 = Debug|Any CPU
		{9261EBA9-F5B8-476C-8A98-8E2133FCE532}.Release|Any CPU.ActiveCfg = Release|Any CPU
		{9261EBA9-F5B8-476C-8A98-8E2133FCE532}.Release|Any CPU.Build.0 = Release|Any CPU
		{96EC1E85-7C5E-4A83-AC03-A5CDF1240506}.Debug|Any CPU.ActiveCfg = Debug|Any CPU
		{96EC1E85-7C5E-4A83-AC03-A5CDF1240506}.Debug|Any CPU.Build.0 = Debug|Any CPU
		{96EC1E85-7C5E-4A83-AC03-A5CDF1240506}.Release|Any CPU.ActiveCfg = Release|Any CPU
		{96EC1E85-7C5E-4A83-AC03-A5CDF1240506}.Release|Any CPU.Build.0 = Release|Any CPU
		{1A59F3E3-6CB2-4192-8FF7-EBA1C528EE8F}.Debug|Any CPU.ActiveCfg = Debug|Any CPU
		{1A59F3E3-6CB2-4192-8FF7-EBA1C528EE8F}.Debug|Any CPU.Build.0 = Debug|Any CPU
		{1A59F3E3-6CB2-4192-8FF7-EBA1C528EE8F}.Release|Any CPU.ActiveCfg = Release|Any CPU
		{1A59F3E3-6CB2-4192-8FF7-EBA1C528EE8F}.Release|Any CPU.Build.0 = Release|Any CPU
		{CDCAA70B-D24D-445B-A734-10A2B858B211}.Debug|Any CPU.ActiveCfg = Debug|Any CPU
		{CDCAA70B-D24D-445B-A734-10A2B858B211}.Debug|Any CPU.Build.0 = Debug|Any CPU
		{CDCAA70B-D24D-445B-A734-10A2B858B211}.Release|Any CPU.ActiveCfg = Release|Any CPU
		{CDCAA70B-D24D-445B-A734-10A2B858B211}.Release|Any CPU.Build.0 = Release|Any CPU
		{C8A406D6-6015-443F-A3E5-4645C9101DEE}.Debug|Any CPU.ActiveCfg = Debug|Any CPU
		{C8A406D6-6015-443F-A3E5-4645C9101DEE}.Debug|Any CPU.Build.0 = Debug|Any CPU
		{C8A406D6-6015-443F-A3E5-4645C9101DEE}.Release|Any CPU.ActiveCfg = Release|Any CPU
		{C8A406D6-6015-443F-A3E5-4645C9101DEE}.Release|Any CPU.Build.0 = Release|Any CPU
	EndGlobalSection
	GlobalSection(SolutionProperties) = preSolution
		HideSolutionNode = FALSE
	EndGlobalSection
	GlobalSection(ExtensibilityGlobals) = postSolution
		SolutionGuid = {030C67CD-F3CD-4C9F-9458-C6FFDA94F09D}
	EndGlobalSection
EndGlobal
